
Microsoft Visual Studio Solution File, Format Version 12.00
# Visual Studio Version 17
VisualStudioVersion = 17.14.36221.1
MinimumVisualStudioVersion = 10.0.40219.1
Project("{FAE04EC0-301F-11D3-BF4B-00C04F79EFBC}") = "TicketingScreenDesigner.Models", "TicketingScreenDesigner.Models\TicketingScreenDesigner.Models.csproj", "{39AA5C85-9727-4A0D-ACB9-5B28F19ABB1B}"
EndProject
Project("{FAE04EC0-301F-11D3-BF4B-00C04F79EFBC}") = "TicketingScreenDesigner.DAL", "TicketingScreenDesigner.DAL\TicketingScreenDesigner.DAL.csproj", "{6CC5B6AA-7FCE-43F8-B826-F90106C38E09}"
EndProject
Project("{FAE04EC0-301F-11D3-BF4B-00C04F79EFBC}") = "TicketingScreenDesigner.BLL", "TicketingScreenDesigner.BLL\TicketingScreenDesigner.BLL.csproj", "{DFEBDB41-A78C-441D-8D57-89D70CC9B86F}"
EndProject
Project("{FAE04EC0-301F-11D3-BF4B-00C04F79EFBC}") = "TicketingScreenDesigner.Common", "TicketingScreenDesigner.Common\TicketingScreenDesigner.Common.csproj", "{E04A2BA5-BDE7-45B3-8B36-3920B9EF9892}"
EndProject
Project("{FAE04EC0-301F-11D3-BF4B-00C04F79EFBC}") = "Ticketing-Screen-Designer.UI", "TicketingScreenDesigner.UI\Ticketing-Screen-Designer.UI.csproj", "{CD28CDF4-AD8B-5EFD-5258-03D6489351AA}"
EndProject
Global
	GlobalSection(SolutionConfigurationPlatforms) = preSolution
		Debug|Any CPU = Debug|Any CPU
		Release|Any CPU = Release|Any CPU
	EndGlobalSection
	GlobalSection(ProjectConfigurationPlatforms) = postSolution
		{39AA5C85-9727-4A0D-ACB9-5B28F19ABB1B}.Debug|Any CPU.ActiveCfg = Debug|Any CPU
		{39AA5C85-9727-4A0D-ACB9-5B28F19ABB1B}.Debug|Any CPU.Build.0 = Debug|Any CPU
		{39AA5C85-9727-4A0D-ACB9-5B28F19ABB1B}.Release|Any CPU.ActiveCfg = Release|Any CPU
		{39AA5C85-9727-4A0D-ACB9-5B28F19ABB1B}.Release|Any CPU.Build.0 = Release|Any CPU
		{6CC5B6AA-7FCE-43F8-B826-F90106C38E09}.Debug|Any CPU.ActiveCfg = Debug|Any CPU
		{6CC5B6AA-7FCE-43F8-B826-F90106C38E09}.Debug|Any CPU.Build.0 = Debug|Any CPU
		{6CC5B6AA-7FCE-43F8-B826-F90106C38E09}.Release|Any CPU.ActiveCfg = Release|Any CPU
		{6CC5B6AA-7FCE-43F8-B826-F90106C38E09}.Release|Any CPU.Build.0 = Release|Any CPU
		{DFEBDB41-A78C-441D-8D57-89D70CC9B86F}.Debug|Any CPU.ActiveCfg = Debug|Any CPU
		{DFEBDB41-A78C-441D-8D57-89D70CC9B86F}.Debug|Any CPU.Build.0 = Debug|Any CPU
		{DFEBDB41-A78C-441D-8D57-89D70CC9B86F}.Release|Any CPU.ActiveCfg = Release|Any CPU
		{DFEBDB41-A78C-441D-8D57-89D70CC9B86F}.Release|Any CPU.Build.0 = Release|Any CPU
		{E04A2BA5-BDE7-45B3-8B36-3920B9EF9892}.Debug|Any CPU.ActiveCfg = Debug|Any CPU
		{E04A2BA5-BDE7-45B3-8B36-3920B9EF9892}.Debug|Any CPU.Build.0 = Debug|Any CPU
		{E04A2BA5-BDE7-45B3-8B36-3920B9EF9892}.Release|Any CPU.ActiveCfg = Release|Any CPU
		{E04A2BA5-BDE7-45B3-8B36-3920B9EF9892}.Release|Any CPU.Build.0 = Release|Any CPU
		{CD28CDF4-AD8B-5EFD-5258-03D6489351AA}.Debug|Any CPU.ActiveCfg = Debug|Any CPU
		{CD28CDF4-AD8B-5EFD-5258-03D6489351AA}.Debug|Any CPU.Build.0 = Debug|Any CPU
		{CD28CDF4-AD8B-5EFD-5258-03D6489351AA}.Release|Any CPU.ActiveCfg = Release|Any CPU
		{CD28CDF4-AD8B-5EFD-5258-03D6489351AA}.Release|Any CPU.Build.0 = Release|Any CPU
	EndGlobalSection
	GlobalSection(SolutionProperties) = preSolution
		HideSolutionNode = FALSE
	EndGlobalSection
	GlobalSection(ExtensibilityGlobals) = postSolution
		SolutionGuid = {95F81E92-47F0-49BD-8B14-C587881F41E0}
	EndGlobalSection
EndGlobal
