
Microsoft Visual Studio Solution File, Format Version 12.00
# Visual Studio Version 17
VisualStudioVersion = 17.14.36221.1 d17.14
MinimumVisualStudioVersion = 10.0.40219.1
Project("{FAE04EC0-301F-11D3-BF4B-00C04F79EFBC}") = "Ticketing-Screen-Designer", "Ticketing-Screen-Designer\Ticketing-Screen-Designer.csproj", "{5C8BF39D-718B-4C4C-9512-45FE556DCF65}"
EndProject
Global
	GlobalSection(SolutionConfigurationPlatforms) = preSolution
		Debug|Any CPU = Debug|Any CPU
		Release|Any CPU = Release|Any CPU
	EndGlobalSection
	GlobalSection(ProjectConfigurationPlatforms) = postSolution
		{5C8BF39D-718B-4C4C-9512-45FE556DCF65}.Debug|Any CPU.ActiveCfg = Debug|Any CPU
		{5C8BF39D-718B-4C4C-9512-45FE556DCF65}.Debug|Any CPU.Build.0 = Debug|Any CPU
		{5C8BF39D-718B-4C4C-9512-45FE556DCF65}.Release|Any CPU.ActiveCfg = Release|Any CPU
		{5C8BF39D-718B-4C4C-9512-45FE556DCF65}.Release|Any CPU.Build.0 = Release|Any CPU
	EndGlobalSection
	GlobalSection(SolutionProperties) = preSolution
		HideSolutionNode = FALSE
	EndGlobalSection
	GlobalSection(ExtensibilityGlobals) = postSolution
		SolutionGuid = {95F81E92-47F0-49BD-8B14-C587881F41E0}
	EndGlobalSection
EndGlobal
